
Microsoft Visual Studio Solution File, Format Version 12.00
# Visual Studio Version 16
VisualStudioVersion = 16.0.31702.278
MinimumVisualStudioVersion = 10.0.40219.1
Project("{FAE04EC0-301F-11D3-BF4B-00C04F79EFBC}") = "WebApi", "WebApi\WebApi.csproj", "{0728608D-EDA8-4A37-AC33-CC1D6C09ACAA}"
EndProject
Global
	GlobalSection(SolutionConfigurationPlatforms) = preSolution
		Debug|Any CPU = Debug|Any CPU
		Release|Any CPU = Release|Any CPU
	EndGlobalSection
	GlobalSection(ProjectConfigurationPlatforms) = postSolution
		{0728608D-EDA8-4A37-AC33-CC1D6C09ACAA}.Debug|Any CPU.ActiveCfg = Debug|Any CPU
		{0728608D-EDA8-4A37-AC33-CC1D6C09ACAA}.Debug|Any CPU.Build.0 = Debug|Any CPU
		{0728608D-EDA8-4A37-AC33-CC1D6C09ACAA}.Release|Any CPU.ActiveCfg = Release|Any CPU
		{0728608D-EDA8-4A37-AC33-CC1D6C09ACAA}.Release|Any CPU.Build.0 = Release|Any CPU
	EndGlobalSection
	GlobalSection(SolutionProperties) = preSolution
		HideSolutionNode = FALSE
	EndGlobalSection
	GlobalSection(ExtensibilityGlobals) = postSolution
		SolutionGuid = {7590CA42-4A63-43F3-88A3-B93B07F1C2CD}
	EndGlobalSection
EndGlobal
